
Microsoft Visual Studio Solution File, Format Version 12.00
# Visual Studio Version 17
VisualStudioVersion = 17.13.35919.96 d17.13
MinimumVisualStudioVersion = 10.0.40219.1
Project("{FAE04EC0-301F-11D3-BF4B-00C04F79EFBC}") = "MiniProject_Karakara", "MiniProject_Karakara\MiniProject_Karakara.csproj", "{79C138F5-7049-4069-83F6-A39D05085807}"
EndProject
Global
	GlobalSection(SolutionConfigurationPlatforms) = preSolution
		Debug|Any CPU = Debug|Any CPU
		Release|Any CPU = Release|Any CPU
	EndGlobalSection
	GlobalSection(ProjectConfigurationPlatforms) = postSolution
		{79C138F5-7049-4069-83F6-A39D05085807}.Debug|Any CPU.ActiveCfg = Debug|Any CPU
		{79C138F5-7049-4069-83F6-A39D05085807}.Debug|Any CPU.Build.0 = Debug|Any CPU
		{79C138F5-7049-4069-83F6-A39D05085807}.Release|Any CPU.ActiveCfg = Release|Any CPU
		{79C138F5-7049-4069-83F6-A39D05085807}.Release|Any CPU.Build.0 = Release|Any CPU
	EndGlobalSection
	GlobalSection(SolutionProperties) = preSolution
		HideSolutionNode = FALSE
	EndGlobalSection
	GlobalSection(ExtensibilityGlobals) = postSolution
		SolutionGuid = {08471A0A-3DEF-442A-A45E-40628AAD01E6}
	EndGlobalSection
EndGlobal
